
Microsoft Visual Studio Solution File, Format Version 12.00
# Visual Studio Version 17
VisualStudioVersion = 17.0.31903.59
MinimumVisualStudioVersion = 10.0.40219.1
Project("{9A19103F-16F7-4668-BE54-9A1E7A4F7556}") = "SilenceApp", "TaskManagementApp\SilenceApp.csproj", "{C9D7607C-4C3B-4A5A-81E6-03C8C7E0DC73}"
EndProject
Project("{9A19103F-16F7-4668-BE54-9A1E7A4F7556}") = "Silence.Infrastructure", "TaskManagment.Infrastructure\Silence.Infrastructure.csproj", "{20386085-9E77-4FF4-8612-6B340672F349}"
EndProject
Project("{9A19103F-16F7-4668-BE54-9A1E7A4F7556}") = "Silence.Web", "Silence\Silence.Web.csproj", "{7F2FD6CB-F402-4B80-9745-32DCC059F43E}"
EndProject
Global
	GlobalSection(SolutionConfigurationPlatforms) = preSolution
		Debug|Any CPU = Debug|Any CPU
		Release|Any CPU = Release|Any CPU
	EndGlobalSection
	GlobalSection(ProjectConfigurationPlatforms) = postSolution
		{C9D7607C-4C3B-4A5A-81E6-03C8C7E0DC73}.Debug|Any CPU.ActiveCfg = Debug|Any CPU
		{C9D7607C-4C3B-4A5A-81E6-03C8C7E0DC73}.Debug|Any CPU.Build.0 = Debug|Any CPU
		{C9D7607C-4C3B-4A5A-81E6-03C8C7E0DC73}.Debug|Any CPU.Deploy.0 = Debug|Any CPU
		{C9D7607C-4C3B-4A5A-81E6-03C8C7E0DC73}.Release|Any CPU.ActiveCfg = Release|Any CPU
		{C9D7607C-4C3B-4A5A-81E6-03C8C7E0DC73}.Release|Any CPU.Build.0 = Release|Any CPU
		{C9D7607C-4C3B-4A5A-81E6-03C8C7E0DC73}.Release|Any CPU.Deploy.0 = Release|Any CPU
		{20386085-9E77-4FF4-8612-6B340672F349}.Debug|Any CPU.ActiveCfg = Debug|Any CPU
		{20386085-9E77-4FF4-8612-6B340672F349}.Debug|Any CPU.Build.0 = Debug|Any CPU
		{20386085-9E77-4FF4-8612-6B340672F349}.Release|Any CPU.ActiveCfg = Release|Any CPU
		{20386085-9E77-4FF4-8612-6B340672F349}.Release|Any CPU.Build.0 = Release|Any CPU
		{7F2FD6CB-F402-4B80-9745-32DCC059F43E}.Debug|Any CPU.ActiveCfg = Debug|Any CPU
		{7F2FD6CB-F402-4B80-9745-32DCC059F43E}.Debug|Any CPU.Build.0 = Debug|Any CPU
		{7F2FD6CB-F402-4B80-9745-32DCC059F43E}.Release|Any CPU.ActiveCfg = Release|Any CPU
		{7F2FD6CB-F402-4B80-9745-32DCC059F43E}.Release|Any CPU.Build.0 = Release|Any CPU
	EndGlobalSection
	GlobalSection(SolutionProperties) = preSolution
		HideSolutionNode = FALSE
	EndGlobalSection
	GlobalSection(ExtensibilityGlobals) = postSolution
		SolutionGuid = {9862ED66-31C7-48A4-A396-7B239F22EEC9}
	EndGlobalSection
EndGlobal
