
Microsoft Visual Studio Solution File, Format Version 12.00
# Visual Studio Version 17
VisualStudioVersion = 17.0.31903.59
MinimumVisualStudioVersion = 10.0.40219.1
Project("{9A19103F-16F7-4668-BE54-9A1E7A4F7556}") = "Silence.Web", "Silence\Silence.Web.csproj", "{7F2FD6CB-F402-4B80-9745-32DCC059F43E}"
EndProject
Project("{9A19103F-16F7-4668-BE54-9A1E7A4F7556}") = "Silence.Infrastructure", "Silence.Infrastructure\Silence.Infrastructure.csproj", "{EC82A852-CEE0-46BF-8E79-80738B4EAA6C}"
EndProject
Project("{9A19103F-16F7-4668-BE54-9A1E7A4F7556}") = "SilenceApp", "SilenceApp\SilenceApp.csproj", "{46998AE6-9A8E-4A42-8314-2D600EBA89E4}"
EndProject
Global
	GlobalSection(SolutionConfigurationPlatforms) = preSolution
		Debug|Any CPU = Debug|Any CPU
		Release|Any CPU = Release|Any CPU
	EndGlobalSection
	GlobalSection(ProjectConfigurationPlatforms) = postSolution
		{7F2FD6CB-F402-4B80-9745-32DCC059F43E}.Debug|Any CPU.ActiveCfg = Debug|Any CPU
		{7F2FD6CB-F402-4B80-9745-32DCC059F43E}.Debug|Any CPU.Build.0 = Debug|Any CPU
		{7F2FD6CB-F402-4B80-9745-32DCC059F43E}.Release|Any CPU.ActiveCfg = Release|Any CPU
		{7F2FD6CB-F402-4B80-9745-32DCC059F43E}.Release|Any CPU.Build.0 = Release|Any CPU
		{EC82A852-CEE0-46BF-8E79-80738B4EAA6C}.Debug|Any CPU.ActiveCfg = Debug|Any CPU
		{EC82A852-CEE0-46BF-8E79-80738B4EAA6C}.Debug|Any CPU.Build.0 = Debug|Any CPU
		{EC82A852-CEE0-46BF-8E79-80738B4EAA6C}.Release|Any CPU.ActiveCfg = Release|Any CPU
		{EC82A852-CEE0-46BF-8E79-80738B4EAA6C}.Release|Any CPU.Build.0 = Release|Any CPU
		{46998AE6-9A8E-4A42-8314-2D600EBA89E4}.Debug|Any CPU.ActiveCfg = Debug|Any CPU
		{46998AE6-9A8E-4A42-8314-2D600EBA89E4}.Debug|Any CPU.Build.0 = Debug|Any CPU
		{46998AE6-9A8E-4A42-8314-2D600EBA89E4}.Debug|Any CPU.Deploy.0 = Debug|Any CPU
		{46998AE6-9A8E-4A42-8314-2D600EBA89E4}.Release|Any CPU.ActiveCfg = Release|Any CPU
		{46998AE6-9A8E-4A42-8314-2D600EBA89E4}.Release|Any CPU.Build.0 = Release|Any CPU
		{46998AE6-9A8E-4A42-8314-2D600EBA89E4}.Release|Any CPU.Deploy.0 = Release|Any CPU
	EndGlobalSection
	GlobalSection(SolutionProperties) = preSolution
		HideSolutionNode = FALSE
	EndGlobalSection
	GlobalSection(ExtensibilityGlobals) = postSolution
		SolutionGuid = {9862ED66-31C7-48A4-A396-7B239F22EEC9}
	EndGlobalSection
EndGlobal
